
Microsoft Visual Studio Solution File, Format Version 11.00
# Visual Studio 2010
Project("{CC5FD16D-436D-48AD-A40C-5A424C6E3E79}") = "MongoDB.WindowsAzure.Deploy", "src\MongoDB.WindowsAzure.Deploy\MongoDB.WindowsAzure.Deploy.ccproj", "{A8704158-B410-47FF-A6E2-9207B629522A}"
EndProject
Project("{FAE04EC0-301F-11D3-BF4B-00C04F79EFBC}") = "MongoDB.WindowsAzure.MongoDBRole", "src\MongoDB.WindowsAzure.MongoDBRole\MongoDB.WindowsAzure.MongoDBRole.csproj", "{BDE28C07-BE8D-4C10-BCB3-193C0248C1C6}"
EndProject
Project("{FAE04EC0-301F-11D3-BF4B-00C04F79EFBC}") = "MongoDB.WindowsAzure.Common", "src\MongoDB.WindowsAzure.Common\MongoDB.WindowsAzure.Common.csproj", "{D0AF0851-5BCF-4D8C-BFD2-1D53060C1997}"
EndProject
Project("{FAE04EC0-301F-11D3-BF4B-00C04F79EFBC}") = "MongoDB.WindowsAzure.InstanceMaintainer", "src\MongoDB.WindowsAzure.InstanceMaintainer\MongoDB.WindowsAzure.InstanceMaintainer.csproj", "{9D7D400C-E0A1-49CD-85DC-A6BDA40EA738}"
EndProject
Project("{2150E333-8FDC-42A3-9474-1A3956D46DE8}") = "Solution Items", "Solution Items", "{EB571F49-4BA5-442E-84F4-1C0A9E87A3E4}"
	ProjectSection(SolutionItems) = preProject
		README.md = README.md
	EndProjectSection
EndProject
Project("{FAE04EC0-301F-11D3-BF4B-00C04F79EFBC}") = "MongoDB.WindowsAzure.Manager", "src\MongoDB.WindowsAzure.Manager\MongoDB.WindowsAzure.Manager.csproj", "{8B794C7D-0A1D-42F4-9817-FAB115F93019}"
EndProject
Global
	GlobalSection(SolutionConfigurationPlatforms) = preSolution
		Debug|Any CPU = Debug|Any CPU
		Debug|Mixed Platforms = Debug|Mixed Platforms
		Debug|x86 = Debug|x86
		Release|Any CPU = Release|Any CPU
		Release|Mixed Platforms = Release|Mixed Platforms
		Release|x86 = Release|x86
	EndGlobalSection
	GlobalSection(ProjectConfigurationPlatforms) = postSolution
		{A8704158-B410-47FF-A6E2-9207B629522A}.Debug|Any CPU.ActiveCfg = Debug|Any CPU
		{A8704158-B410-47FF-A6E2-9207B629522A}.Debug|Any CPU.Build.0 = Debug|Any CPU
		{A8704158-B410-47FF-A6E2-9207B629522A}.Debug|Mixed Platforms.ActiveCfg = Debug|Any CPU
		{A8704158-B410-47FF-A6E2-9207B629522A}.Debug|Mixed Platforms.Build.0 = Debug|Any CPU
		{A8704158-B410-47FF-A6E2-9207B629522A}.Debug|x86.ActiveCfg = Debug|Any CPU
		{A8704158-B410-47FF-A6E2-9207B629522A}.Release|Any CPU.ActiveCfg = Release|Any CPU
		{A8704158-B410-47FF-A6E2-9207B629522A}.Release|Any CPU.Build.0 = Release|Any CPU
		{A8704158-B410-47FF-A6E2-9207B629522A}.Release|Mixed Platforms.ActiveCfg = Release|Any CPU
		{A8704158-B410-47FF-A6E2-9207B629522A}.Release|Mixed Platforms.Build.0 = Release|Any CPU
		{A8704158-B410-47FF-A6E2-9207B629522A}.Release|x86.ActiveCfg = Release|Any CPU
		{BDE28C07-BE8D-4C10-BCB3-193C0248C1C6}.Debug|Any CPU.ActiveCfg = Debug|Any CPU
		{BDE28C07-BE8D-4C10-BCB3-193C0248C1C6}.Debug|Any CPU.Build.0 = Debug|Any CPU
		{BDE28C07-BE8D-4C10-BCB3-193C0248C1C6}.Debug|Mixed Platforms.ActiveCfg = Debug|Any CPU
		{BDE28C07-BE8D-4C10-BCB3-193C0248C1C6}.Debug|Mixed Platforms.Build.0 = Debug|Any CPU
		{BDE28C07-BE8D-4C10-BCB3-193C0248C1C6}.Debug|x86.ActiveCfg = Debug|Any CPU
		{BDE28C07-BE8D-4C10-BCB3-193C0248C1C6}.Release|Any CPU.ActiveCfg = Release|Any CPU
		{BDE28C07-BE8D-4C10-BCB3-193C0248C1C6}.Release|Any CPU.Build.0 = Release|Any CPU
		{BDE28C07-BE8D-4C10-BCB3-193C0248C1C6}.Release|Mixed Platforms.ActiveCfg = Release|Any CPU
		{BDE28C07-BE8D-4C10-BCB3-193C0248C1C6}.Release|Mixed Platforms.Build.0 = Release|Any CPU
		{BDE28C07-BE8D-4C10-BCB3-193C0248C1C6}.Release|x86.ActiveCfg = Release|Any CPU
		{D0AF0851-5BCF-4D8C-BFD2-1D53060C1997}.Debug|Any CPU.ActiveCfg = Debug|Any CPU
		{D0AF0851-5BCF-4D8C-BFD2-1D53060C1997}.Debug|Any CPU.Build.0 = Debug|Any CPU
		{D0AF0851-5BCF-4D8C-BFD2-1D53060C1997}.Debug|Mixed Platforms.ActiveCfg = Debug|Any CPU
		{D0AF0851-5BCF-4D8C-BFD2-1D53060C1997}.Debug|Mixed Platforms.Build.0 = Debug|Any CPU
		{D0AF0851-5BCF-4D8C-BFD2-1D53060C1997}.Debug|x86.ActiveCfg = Debug|Any CPU
		{D0AF0851-5BCF-4D8C-BFD2-1D53060C1997}.Release|Any CPU.ActiveCfg = Release|Any CPU
		{D0AF0851-5BCF-4D8C-BFD2-1D53060C1997}.Release|Any CPU.Build.0 = Release|Any CPU
		{D0AF0851-5BCF-4D8C-BFD2-1D53060C1997}.Release|Mixed Platforms.ActiveCfg = Release|Any CPU
		{D0AF0851-5BCF-4D8C-BFD2-1D53060C1997}.Release|Mixed Platforms.Build.0 = Release|Any CPU
		{D0AF0851-5BCF-4D8C-BFD2-1D53060C1997}.Release|x86.ActiveCfg = Release|Any CPU
		{9D7D400C-E0A1-49CD-85DC-A6BDA40EA738}.Debug|Any CPU.ActiveCfg = Debug|Any CPU
		{9D7D400C-E0A1-49CD-85DC-A6BDA40EA738}.Debug|Any CPU.Build.0 = Debug|Any CPU
		{9D7D400C-E0A1-49CD-85DC-A6BDA40EA738}.Debug|Mixed Platforms.ActiveCfg = Debug|Any CPU
		{9D7D400C-E0A1-49CD-85DC-A6BDA40EA738}.Debug|Mixed Platforms.Build.0 = Debug|Any CPU
		{9D7D400C-E0A1-49CD-85DC-A6BDA40EA738}.Debug|x86.ActiveCfg = Debug|Any CPU
		{9D7D400C-E0A1-49CD-85DC-A6BDA40EA738}.Release|Any CPU.ActiveCfg = Release|Any CPU
		{9D7D400C-E0A1-49CD-85DC-A6BDA40EA738}.Release|Any CPU.Build.0 = Release|Any CPU
		{9D7D400C-E0A1-49CD-85DC-A6BDA40EA738}.Release|Mixed Platforms.ActiveCfg = Release|Any CPU
		{9D7D400C-E0A1-49CD-85DC-A6BDA40EA738}.Release|Mixed Platforms.Build.0 = Release|Any CPU
		{9D7D400C-E0A1-49CD-85DC-A6BDA40EA738}.Release|x86.ActiveCfg = Release|Any CPU
		{8B794C7D-0A1D-42F4-9817-FAB115F93019}.Debug|Any CPU.ActiveCfg = Debug|Any CPU
		{8B794C7D-0A1D-42F4-9817-FAB115F93019}.Debug|Any CPU.Build.0 = Debug|Any CPU
		{8B794C7D-0A1D-42F4-9817-FAB115F93019}.Debug|Mixed Platforms.ActiveCfg = Debug|Any CPU
		{8B794C7D-0A1D-42F4-9817-FAB115F93019}.Debug|Mixed Platforms.Build.0 = Debug|Any CPU
		{8B794C7D-0A1D-42F4-9817-FAB115F93019}.Debug|x86.ActiveCfg = Debug|Any CPU
		{8B794C7D-0A1D-42F4-9817-FAB115F93019}.Release|Any CPU.ActiveCfg = Release|Any CPU
		{8B794C7D-0A1D-42F4-9817-FAB115F93019}.Release|Any CPU.Build.0 = Release|Any CPU
		{8B794C7D-0A1D-42F4-9817-FAB115F93019}.Release|Mixed Platforms.ActiveCfg = Release|Any CPU
		{8B794C7D-0A1D-42F4-9817-FAB115F93019}.Release|Mixed Platforms.Build.0 = Release|Any CPU
		{8B794C7D-0A1D-42F4-9817-FAB115F93019}.Release|x86.ActiveCfg = Release|Any CPU
	EndGlobalSection
	GlobalSection(SolutionProperties) = preSolution
		HideSolutionNode = FALSE
	EndGlobalSection
EndGlobal
