
Microsoft Visual Studio Solution File, Format Version 11.00
# Visual Studio 2010
Project("{CC5FD16D-436D-48AD-A40C-5A424C6E3E79}") = "MongoDB.WindowsAzure.Sample.Deploy", "src\SampleApplications\MvcMovieSample\MongoDB.WindowsAzure.Sample.Deploy\MongoDB.WindowsAzure.Sample.Deploy.ccproj", "{A8704158-B410-47FF-A6E2-9207B629522A}"
EndProject
Project("{FAE04EC0-301F-11D3-BF4B-00C04F79EFBC}") = "MongoDB.WindowsAzure.MongoDBRole", "src\MongoDB.WindowsAzure.MongoDBRole\MongoDB.WindowsAzure.MongoDBRole.csproj", "{BDE28C07-BE8D-4C10-BCB3-193C0248C1C6}"
EndProject
Project("{FAE04EC0-301F-11D3-BF4B-00C04F79EFBC}") = "MongoDB.WindowsAzure.Sample.MvcMovie", "src\SampleApplications\MvcMovieSample\MongoDB.WindowsAzure.Sample.MvcMovie\MongoDB.WindowsAzure.Sample.MvcMovie.csproj", "{C0A91AC1-1193-49AF-8713-6E6F06C02448}"
EndProject
Project("{FAE04EC0-301F-11D3-BF4B-00C04F79EFBC}") = "MongoDB.WindowsAzure.Common", "src\MongoDB.WindowsAzure.Common\MongoDB.WindowsAzure.Common.csproj", "{D0AF0851-5BCF-4D8C-BFD2-1D53060C1997}"
EndProject
Project("{FAE04EC0-301F-11D3-BF4B-00C04F79EFBC}") = "MongoDB.WindowsAzure.InstanceMaintainer", "src\MongoDB.WindowsAzure.InstanceMaintainer\MongoDB.WindowsAzure.InstanceMaintainer.csproj", "{9D7D400C-E0A1-49CD-85DC-A6BDA40EA738}"
EndProject
Project("{FAE04EC0-301F-11D3-BF4B-00C04F79EFBC}") = "MongoDB.WindowsAzure.Backup", "src\MongoDB.WindowsAzure.Backup\MongoDB.WindowsAzure.Backup.csproj", "{9EACF3D7-8EFD-470E-BA7B-E20D3FCF9FCD}"
EndProject
Project("{FAE04EC0-301F-11D3-BF4B-00C04F79EFBC}") = "MongoDB.WindowsAzure.Tools.BlobBackup", "Tools\BlobBackup\MongoDB.WindowsAzure.Tools.BlobBackup.csproj", "{09C3062F-B630-4203-A62E-7CCAD5102C12}"
EndProject
Project("{FAE04EC0-301F-11D3-BF4B-00C04F79EFBC}") = "MongoDB.WindowsAzure.Manager", "src\MongoDB.WindowsAzure.Manager\MongoDB.WindowsAzure.Manager.csproj", "{AECF4C18-E2FD-4B80-A997-F193D4BB3933}"
EndProject
Global
	GlobalSection(SolutionConfigurationPlatforms) = preSolution
		Debug|Any CPU = Debug|Any CPU
		Release|Any CPU = Release|Any CPU
	EndGlobalSection
	GlobalSection(ProjectConfigurationPlatforms) = postSolution
		{A8704158-B410-47FF-A6E2-9207B629522A}.Debug|Any CPU.ActiveCfg = Debug|Any CPU
		{A8704158-B410-47FF-A6E2-9207B629522A}.Debug|Any CPU.Build.0 = Debug|Any CPU
		{A8704158-B410-47FF-A6E2-9207B629522A}.Release|Any CPU.ActiveCfg = Release|Any CPU
		{A8704158-B410-47FF-A6E2-9207B629522A}.Release|Any CPU.Build.0 = Release|Any CPU
		{BDE28C07-BE8D-4C10-BCB3-193C0248C1C6}.Debug|Any CPU.ActiveCfg = Debug|Any CPU
		{BDE28C07-BE8D-4C10-BCB3-193C0248C1C6}.Debug|Any CPU.Build.0 = Debug|Any CPU
		{BDE28C07-BE8D-4C10-BCB3-193C0248C1C6}.Release|Any CPU.ActiveCfg = Release|Any CPU
		{BDE28C07-BE8D-4C10-BCB3-193C0248C1C6}.Release|Any CPU.Build.0 = Release|Any CPU
		{C0A91AC1-1193-49AF-8713-6E6F06C02448}.Debug|Any CPU.ActiveCfg = Debug|Any CPU
		{C0A91AC1-1193-49AF-8713-6E6F06C02448}.Debug|Any CPU.Build.0 = Debug|Any CPU
		{C0A91AC1-1193-49AF-8713-6E6F06C02448}.Release|Any CPU.ActiveCfg = Release|Any CPU
		{C0A91AC1-1193-49AF-8713-6E6F06C02448}.Release|Any CPU.Build.0 = Release|Any CPU
		{D0AF0851-5BCF-4D8C-BFD2-1D53060C1997}.Debug|Any CPU.ActiveCfg = Debug|Any CPU
		{D0AF0851-5BCF-4D8C-BFD2-1D53060C1997}.Debug|Any CPU.Build.0 = Debug|Any CPU
		{D0AF0851-5BCF-4D8C-BFD2-1D53060C1997}.Release|Any CPU.ActiveCfg = Release|Any CPU
		{D0AF0851-5BCF-4D8C-BFD2-1D53060C1997}.Release|Any CPU.Build.0 = Release|Any CPU
		{9D7D400C-E0A1-49CD-85DC-A6BDA40EA738}.Debug|Any CPU.ActiveCfg = Debug|Any CPU
		{9D7D400C-E0A1-49CD-85DC-A6BDA40EA738}.Debug|Any CPU.Build.0 = Debug|Any CPU
		{9D7D400C-E0A1-49CD-85DC-A6BDA40EA738}.Release|Any CPU.ActiveCfg = Release|Any CPU
		{9D7D400C-E0A1-49CD-85DC-A6BDA40EA738}.Release|Any CPU.Build.0 = Release|Any CPU
		{9EACF3D7-8EFD-470E-BA7B-E20D3FCF9FCD}.Debug|Any CPU.ActiveCfg = Debug|Any CPU
		{9EACF3D7-8EFD-470E-BA7B-E20D3FCF9FCD}.Debug|Any CPU.Build.0 = Debug|Any CPU
		{9EACF3D7-8EFD-470E-BA7B-E20D3FCF9FCD}.Release|Any CPU.ActiveCfg = Release|Any CPU
		{9EACF3D7-8EFD-470E-BA7B-E20D3FCF9FCD}.Release|Any CPU.Build.0 = Release|Any CPU
		{09C3062F-B630-4203-A62E-7CCAD5102C12}.Debug|Any CPU.ActiveCfg = Debug|Any CPU
		{09C3062F-B630-4203-A62E-7CCAD5102C12}.Debug|Any CPU.Build.0 = Debug|Any CPU
		{09C3062F-B630-4203-A62E-7CCAD5102C12}.Release|Any CPU.ActiveCfg = Release|Any CPU
		{09C3062F-B630-4203-A62E-7CCAD5102C12}.Release|Any CPU.Build.0 = Release|Any CPU
		{AECF4C18-E2FD-4B80-A997-F193D4BB3933}.Debug|Any CPU.ActiveCfg = Debug|Any CPU
		{AECF4C18-E2FD-4B80-A997-F193D4BB3933}.Debug|Any CPU.Build.0 = Debug|Any CPU
		{AECF4C18-E2FD-4B80-A997-F193D4BB3933}.Release|Any CPU.ActiveCfg = Release|Any CPU
		{AECF4C18-E2FD-4B80-A997-F193D4BB3933}.Release|Any CPU.Build.0 = Release|Any CPU
	EndGlobalSection
	GlobalSection(SolutionProperties) = preSolution
		HideSolutionNode = FALSE
	EndGlobalSection
EndGlobal
